
Microsoft Visual Studio Solution File, Format Version 12.00
# Visual Studio Version 17
VisualStudioVersion = 17.3.32825.248
MinimumVisualStudioVersion = 10.0.40219.1
Project("{9A19103F-16F7-4668-BE54-9A1E7A4F7556}") = "OnlineActivities", "OnlineActivities\OnlineActivities.csproj", "{A97CDD28-0B2A-4686-8FCE-D620055A17FF}"
EndProject
Global
	GlobalSection(SolutionConfigurationPlatforms) = preSolution
		Debug|Any CPU = Debug|Any CPU
		Release|Any CPU = Release|Any CPU
	EndGlobalSection
	GlobalSection(ProjectConfigurationPlatforms) = postSolution
		{A97CDD28-0B2A-4686-8FCE-D620055A17FF}.Debug|Any CPU.ActiveCfg = Debug|Any CPU
		{A97CDD28-0B2A-4686-8FCE-D620055A17FF}.Debug|Any CPU.Build.0 = Debug|Any CPU
		{A97CDD28-0B2A-4686-8FCE-D620055A17FF}.Release|Any CPU.ActiveCfg = Release|Any CPU
		{A97CDD28-0B2A-4686-8FCE-D620055A17FF}.Release|Any CPU.Build.0 = Release|Any CPU
	EndGlobalSection
	GlobalSection(SolutionProperties) = preSolution
		HideSolutionNode = FALSE
	EndGlobalSection
	GlobalSection(ExtensibilityGlobals) = postSolution
		SolutionGuid = {D43F9034-7BD0-44B4-A03B-632F0D5F215F}
	EndGlobalSection
EndGlobal
